
Microsoft Visual Studio Solution File, Format Version 12.00
# Visual Studio 2013
VisualStudioVersion = 12.0.40629.0
MinimumVisualStudioVersion = 10.0.40219.1
Project("{FAE04EC0-301F-11D3-BF4B-00C04F79EFBC}") = "TwinFinder", "TwinFinder\TwinFinder.csproj", "{E332F18D-9ED0-4FBE-A8F6-4E3D6ECB745A}"
EndProject
Project("{FAE04EC0-301F-11D3-BF4B-00C04F79EFBC}") = "TwinFinder.Test", "TwinFinder.Test\TwinFinder.Test.csproj", "{24B81389-57B8-4593-8425-B94E39ED5824}"
EndProject
Project("{FAE04EC0-301F-11D3-BF4B-00C04F79EFBC}") = "TwinFinder.Sample", "TwinFinder.Sample\TwinFinder.Sample.csproj", "{F84E7EFC-55AC-4B30-BA15-20AAE68D2DF2}"
EndProject
Global
	GlobalSection(SolutionConfigurationPlatforms) = preSolution
		Debug|Any CPU = Debug|Any CPU
		Debug|x64 = Debug|x64
		Debug|x86 = Debug|x86
		Release|Any CPU = Release|Any CPU
		Release|x64 = Release|x64
		Release|x86 = Release|x86
	EndGlobalSection
	GlobalSection(ProjectConfigurationPlatforms) = postSolution
		{E332F18D-9ED0-4FBE-A8F6-4E3D6ECB745A}.Debug|Any CPU.ActiveCfg = Debug|Any CPU
		{E332F18D-9ED0-4FBE-A8F6-4E3D6ECB745A}.Debug|Any CPU.Build.0 = Debug|Any CPU
		{E332F18D-9ED0-4FBE-A8F6-4E3D6ECB745A}.Debug|x64.ActiveCfg = Debug|Any CPU
		{E332F18D-9ED0-4FBE-A8F6-4E3D6ECB745A}.Debug|x86.ActiveCfg = Debug|Any CPU
		{E332F18D-9ED0-4FBE-A8F6-4E3D6ECB745A}.Release|Any CPU.ActiveCfg = Release|Any CPU
		{E332F18D-9ED0-4FBE-A8F6-4E3D6ECB745A}.Release|Any CPU.Build.0 = Release|Any CPU
		{E332F18D-9ED0-4FBE-A8F6-4E3D6ECB745A}.Release|x64.ActiveCfg = Release|Any CPU
		{E332F18D-9ED0-4FBE-A8F6-4E3D6ECB745A}.Release|x86.ActiveCfg = Release|Any CPU
		{24B81389-57B8-4593-8425-B94E39ED5824}.Debug|Any CPU.ActiveCfg = Debug|Any CPU
		{24B81389-57B8-4593-8425-B94E39ED5824}.Debug|Any CPU.Build.0 = Debug|Any CPU
		{24B81389-57B8-4593-8425-B94E39ED5824}.Debug|x64.ActiveCfg = Debug|Any CPU
		{24B81389-57B8-4593-8425-B94E39ED5824}.Debug|x86.ActiveCfg = Debug|Any CPU
		{24B81389-57B8-4593-8425-B94E39ED5824}.Release|Any CPU.ActiveCfg = Release|Any CPU
		{24B81389-57B8-4593-8425-B94E39ED5824}.Release|Any CPU.Build.0 = Release|Any CPU
		{24B81389-57B8-4593-8425-B94E39ED5824}.Release|x64.ActiveCfg = Release|Any CPU
		{24B81389-57B8-4593-8425-B94E39ED5824}.Release|x86.ActiveCfg = Release|Any CPU
		{F84E7EFC-55AC-4B30-BA15-20AAE68D2DF2}.Debug|Any CPU.ActiveCfg = Debug|Any CPU
		{F84E7EFC-55AC-4B30-BA15-20AAE68D2DF2}.Debug|Any CPU.Build.0 = Debug|Any CPU
		{F84E7EFC-55AC-4B30-BA15-20AAE68D2DF2}.Debug|x64.ActiveCfg = Debug|Any CPU
		{F84E7EFC-55AC-4B30-BA15-20AAE68D2DF2}.Debug|x86.ActiveCfg = Debug|Any CPU
		{F84E7EFC-55AC-4B30-BA15-20AAE68D2DF2}.Release|Any CPU.ActiveCfg = Release|Any CPU
		{F84E7EFC-55AC-4B30-BA15-20AAE68D2DF2}.Release|Any CPU.Build.0 = Release|Any CPU
		{F84E7EFC-55AC-4B30-BA15-20AAE68D2DF2}.Release|x64.ActiveCfg = Release|Any CPU
		{F84E7EFC-55AC-4B30-BA15-20AAE68D2DF2}.Release|x86.ActiveCfg = Release|Any CPU
	EndGlobalSection
	GlobalSection(SolutionProperties) = preSolution
		HideSolutionNode = FALSE
	EndGlobalSection
EndGlobal
